
Microsoft Visual Studio Solution File, Format Version 12.00
# Visual Studio Version 17
VisualStudioVersion = 17.5.33627.172
MinimumVisualStudioVersion = 10.0.40219.1
Project("{FAE04EC0-301F-11D3-BF4B-00C04F79EFBC}") = "ImprementingInterfaces", "ImprementingInterfaces\ImprementingInterfaces.csproj", "{51CD7573-020B-4C20-86DA-FA33FF4B2197}"
EndProject
Project("{FAE04EC0-301F-11D3-BF4B-00C04F79EFBC}") = "InterfacesAndBaseClassesExercise", "InterfacesAndBaseClassesExercise\InterfacesAndBaseClassesExercise.csproj", "{68D8D9C9-C524-4061-80FF-032B56C27BDE}"
EndProject
Project("{FAE04EC0-301F-11D3-BF4B-00C04F79EFBC}") = "EnumeratorForeach", "EnumeratorForeach\EnumeratorForeach.csproj", "{10601A56-E632-40B4-82CA-5F9819D44B37}"
EndProject
Global
	GlobalSection(SolutionConfigurationPlatforms) = preSolution
		Debug|Any CPU = Debug|Any CPU
		Release|Any CPU = Release|Any CPU
	EndGlobalSection
	GlobalSection(ProjectConfigurationPlatforms) = postSolution
		{51CD7573-020B-4C20-86DA-FA33FF4B2197}.Debug|Any CPU.ActiveCfg = Debug|Any CPU
		{51CD7573-020B-4C20-86DA-FA33FF4B2197}.Debug|Any CPU.Build.0 = Debug|Any CPU
		{51CD7573-020B-4C20-86DA-FA33FF4B2197}.Release|Any CPU.ActiveCfg = Release|Any CPU
		{51CD7573-020B-4C20-86DA-FA33FF4B2197}.Release|Any CPU.Build.0 = Release|Any CPU
		{68D8D9C9-C524-4061-80FF-032B56C27BDE}.Debug|Any CPU.ActiveCfg = Debug|Any CPU
		{68D8D9C9-C524-4061-80FF-032B56C27BDE}.Debug|Any CPU.Build.0 = Debug|Any CPU
		{68D8D9C9-C524-4061-80FF-032B56C27BDE}.Release|Any CPU.ActiveCfg = Release|Any CPU
		{68D8D9C9-C524-4061-80FF-032B56C27BDE}.Release|Any CPU.Build.0 = Release|Any CPU
		{10601A56-E632-40B4-82CA-5F9819D44B37}.Debug|Any CPU.ActiveCfg = Debug|Any CPU
		{10601A56-E632-40B4-82CA-5F9819D44B37}.Debug|Any CPU.Build.0 = Debug|Any CPU
		{10601A56-E632-40B4-82CA-5F9819D44B37}.Release|Any CPU.ActiveCfg = Release|Any CPU
		{10601A56-E632-40B4-82CA-5F9819D44B37}.Release|Any CPU.Build.0 = Release|Any CPU
	EndGlobalSection
	GlobalSection(SolutionProperties) = preSolution
		HideSolutionNode = FALSE
	EndGlobalSection
	GlobalSection(ExtensibilityGlobals) = postSolution
		SolutionGuid = {3DC14343-4A13-44B6-AD13-5852CBBC2DBF}
	EndGlobalSection
EndGlobal
