
Microsoft Visual Studio Solution File, Format Version 12.00
# Visual Studio Version 17
VisualStudioVersion = 17.5.33627.172
MinimumVisualStudioVersion = 10.0.40219.1
Project("{FAE04EC0-301F-11D3-BF4B-00C04F79EFBC}") = "MyFirstApp", "MyFirstApp\MyFirstApp.csproj", "{44DE8F7F-C48C-428D-85A7-A88EC9A0A908}"
EndProject
Project("{FAE04EC0-301F-11D3-BF4B-00C04F79EFBC}") = "DataBindingExample", "DataBindingExample\DataBindingExample.csproj", "{96F31DA5-5D48-4598-84ED-9044D86DA53B}"
EndProject
Global
	GlobalSection(SolutionConfigurationPlatforms) = preSolution
		Debug|Any CPU = Debug|Any CPU
		Release|Any CPU = Release|Any CPU
	EndGlobalSection
	GlobalSection(ProjectConfigurationPlatforms) = postSolution
		{44DE8F7F-C48C-428D-85A7-A88EC9A0A908}.Debug|Any CPU.ActiveCfg = Debug|Any CPU
		{44DE8F7F-C48C-428D-85A7-A88EC9A0A908}.Debug|Any CPU.Build.0 = Debug|Any CPU
		{44DE8F7F-C48C-428D-85A7-A88EC9A0A908}.Release|Any CPU.ActiveCfg = Release|Any CPU
		{44DE8F7F-C48C-428D-85A7-A88EC9A0A908}.Release|Any CPU.Build.0 = Release|Any CPU
		{96F31DA5-5D48-4598-84ED-9044D86DA53B}.Debug|Any CPU.ActiveCfg = Debug|Any CPU
		{96F31DA5-5D48-4598-84ED-9044D86DA53B}.Debug|Any CPU.Build.0 = Debug|Any CPU
		{96F31DA5-5D48-4598-84ED-9044D86DA53B}.Release|Any CPU.ActiveCfg = Release|Any CPU
		{96F31DA5-5D48-4598-84ED-9044D86DA53B}.Release|Any CPU.Build.0 = Release|Any CPU
	EndGlobalSection
	GlobalSection(SolutionProperties) = preSolution
		HideSolutionNode = FALSE
	EndGlobalSection
	GlobalSection(ExtensibilityGlobals) = postSolution
		SolutionGuid = {07FC1FCA-68D6-44FC-ADB1-DBAC676B798F}
	EndGlobalSection
EndGlobal
