
Microsoft Visual Studio Solution File, Format Version 12.00
# Visual Studio Version 17
VisualStudioVersion = 17.5.33627.172
MinimumVisualStudioVersion = 10.0.40219.1
Project("{FAE04EC0-301F-11D3-BF4B-00C04F79EFBC}") = "Layout", "Controllers\Layout.csproj", "{0F43E185-F3AA-4B78-B61B-4FB7E56EB6CE}"
EndProject
Project("{FAE04EC0-301F-11D3-BF4B-00C04F79EFBC}") = "StackPanelWindows", "StackPanelWindows\StackPanelWindows.csproj", "{F6DB91FC-93F2-45BF-9281-4D19F7CF105F}"
EndProject
Project("{FAE04EC0-301F-11D3-BF4B-00C04F79EFBC}") = "GridWindows", "GridWindows\GridWindows.csproj", "{65A76900-3AE8-41BE-ACEF-FC345C6E242C}"
EndProject
Project("{FAE04EC0-301F-11D3-BF4B-00C04F79EFBC}") = "CanvasWindows", "CanvasWindows\CanvasWindows.csproj", "{CCA24CA6-F17C-465D-A88E-66B5075C2477}"
EndProject
Project("{FAE04EC0-301F-11D3-BF4B-00C04F79EFBC}") = "BulletDecoratorWindows", "BulletDecoratorWindows\BulletDecoratorWindows.csproj", "{E66AF839-5473-4BE4-B27E-6B4FD6F7AD83}"
EndProject
Project("{FAE04EC0-301F-11D3-BF4B-00C04F79EFBC}") = "DockPanleWindows", "DockPanleWindows\DockPanleWindows.csproj", "{3D0E6A72-B2AE-41F0-BFCA-731BFD32EC12}"
EndProject
Project("{FAE04EC0-301F-11D3-BF4B-00C04F79EFBC}") = "ExpanderWindows", "ExpanderWindows\ExpanderWindows.csproj", "{21DF1E6D-EFB9-4C2A-802B-8CAACE5D79AF}"
EndProject
Project("{FAE04EC0-301F-11D3-BF4B-00C04F79EFBC}") = "GridSplitterWindows", "GridSplitterWindows\GridSplitterWindows.csproj", "{AF257EB7-7298-481C-9346-8EA17E676C00}"
EndProject
Project("{FAE04EC0-301F-11D3-BF4B-00C04F79EFBC}") = "GroupBoxWindows", "GroupBoxWindows\GroupBoxWindows.csproj", "{EEE3EC33-80F1-4D32-800C-21482D66C2B9}"
EndProject
Project("{FAE04EC0-301F-11D3-BF4B-00C04F79EFBC}") = "ThumdWindows", "ThumdWindows\ThumdWindows.csproj", "{C3F1146F-574B-4798-ADA1-A4AA881C004E}"
EndProject
Project("{FAE04EC0-301F-11D3-BF4B-00C04F79EFBC}") = "WrapPanelWindows", "WrapPanelWindows\WrapPanelWindows.csproj", "{3AA43DB5-BEF5-4559-99A2-03A0027251B7}"
EndProject
Project("{FAE04EC0-301F-11D3-BF4B-00C04F79EFBC}") = "ButtomWindows", "ButtomWindows\ButtomWindows.csproj", "{A1564548-AB25-4B89-8196-832ACD7EA794}"
EndProject
Project("{FAE04EC0-301F-11D3-BF4B-00C04F79EFBC}") = "DataGridWindows", "DataGridWindows\DataGridWindows.csproj", "{53044242-B23D-4396-BD9D-1239AE120F93}"
EndProject
Project("{FAE04EC0-301F-11D3-BF4B-00C04F79EFBC}") = "DatePickerWindows", "DatePickerWindows\DatePickerWindows.csproj", "{4AF03D0E-64EA-48B7-9FA2-F4F6B69D8AB7}"
EndProject
Project("{FAE04EC0-301F-11D3-BF4B-00C04F79EFBC}") = "MenusWindows", "MenusWindows\MenusWindows.csproj", "{9BD4FD62-609C-4EC1-93B3-9F29273F9CF8}"
EndProject
Project("{FAE04EC0-301F-11D3-BF4B-00C04F79EFBC}") = "CheckBoxWindows", "CheckBoxWindows\CheckBoxWindows.csproj", "{FC733DA9-2E3E-42FA-9644-9F7827147DDE}"
EndProject
Global
	GlobalSection(SolutionConfigurationPlatforms) = preSolution
		Debug|Any CPU = Debug|Any CPU
		Release|Any CPU = Release|Any CPU
	EndGlobalSection
	GlobalSection(ProjectConfigurationPlatforms) = postSolution
		{0F43E185-F3AA-4B78-B61B-4FB7E56EB6CE}.Debug|Any CPU.ActiveCfg = Debug|Any CPU
		{0F43E185-F3AA-4B78-B61B-4FB7E56EB6CE}.Debug|Any CPU.Build.0 = Debug|Any CPU
		{0F43E185-F3AA-4B78-B61B-4FB7E56EB6CE}.Release|Any CPU.ActiveCfg = Release|Any CPU
		{0F43E185-F3AA-4B78-B61B-4FB7E56EB6CE}.Release|Any CPU.Build.0 = Release|Any CPU
		{F6DB91FC-93F2-45BF-9281-4D19F7CF105F}.Debug|Any CPU.ActiveCfg = Debug|Any CPU
		{F6DB91FC-93F2-45BF-9281-4D19F7CF105F}.Debug|Any CPU.Build.0 = Debug|Any CPU
		{F6DB91FC-93F2-45BF-9281-4D19F7CF105F}.Release|Any CPU.ActiveCfg = Release|Any CPU
		{F6DB91FC-93F2-45BF-9281-4D19F7CF105F}.Release|Any CPU.Build.0 = Release|Any CPU
		{65A76900-3AE8-41BE-ACEF-FC345C6E242C}.Debug|Any CPU.ActiveCfg = Debug|Any CPU
		{65A76900-3AE8-41BE-ACEF-FC345C6E242C}.Debug|Any CPU.Build.0 = Debug|Any CPU
		{65A76900-3AE8-41BE-ACEF-FC345C6E242C}.Release|Any CPU.ActiveCfg = Release|Any CPU
		{65A76900-3AE8-41BE-ACEF-FC345C6E242C}.Release|Any CPU.Build.0 = Release|Any CPU
		{CCA24CA6-F17C-465D-A88E-66B5075C2477}.Debug|Any CPU.ActiveCfg = Debug|Any CPU
		{CCA24CA6-F17C-465D-A88E-66B5075C2477}.Debug|Any CPU.Build.0 = Debug|Any CPU
		{CCA24CA6-F17C-465D-A88E-66B5075C2477}.Release|Any CPU.ActiveCfg = Release|Any CPU
		{CCA24CA6-F17C-465D-A88E-66B5075C2477}.Release|Any CPU.Build.0 = Release|Any CPU
		{E66AF839-5473-4BE4-B27E-6B4FD6F7AD83}.Debug|Any CPU.ActiveCfg = Debug|Any CPU
		{E66AF839-5473-4BE4-B27E-6B4FD6F7AD83}.Debug|Any CPU.Build.0 = Debug|Any CPU
		{E66AF839-5473-4BE4-B27E-6B4FD6F7AD83}.Release|Any CPU.ActiveCfg = Release|Any CPU
		{E66AF839-5473-4BE4-B27E-6B4FD6F7AD83}.Release|Any CPU.Build.0 = Release|Any CPU
		{3D0E6A72-B2AE-41F0-BFCA-731BFD32EC12}.Debug|Any CPU.ActiveCfg = Debug|Any CPU
		{3D0E6A72-B2AE-41F0-BFCA-731BFD32EC12}.Debug|Any CPU.Build.0 = Debug|Any CPU
		{3D0E6A72-B2AE-41F0-BFCA-731BFD32EC12}.Release|Any CPU.ActiveCfg = Release|Any CPU
		{3D0E6A72-B2AE-41F0-BFCA-731BFD32EC12}.Release|Any CPU.Build.0 = Release|Any CPU
		{21DF1E6D-EFB9-4C2A-802B-8CAACE5D79AF}.Debug|Any CPU.ActiveCfg = Debug|Any CPU
		{21DF1E6D-EFB9-4C2A-802B-8CAACE5D79AF}.Debug|Any CPU.Build.0 = Debug|Any CPU
		{21DF1E6D-EFB9-4C2A-802B-8CAACE5D79AF}.Release|Any CPU.ActiveCfg = Release|Any CPU
		{21DF1E6D-EFB9-4C2A-802B-8CAACE5D79AF}.Release|Any CPU.Build.0 = Release|Any CPU
		{AF257EB7-7298-481C-9346-8EA17E676C00}.Debug|Any CPU.ActiveCfg = Debug|Any CPU
		{AF257EB7-7298-481C-9346-8EA17E676C00}.Debug|Any CPU.Build.0 = Debug|Any CPU
		{AF257EB7-7298-481C-9346-8EA17E676C00}.Release|Any CPU.ActiveCfg = Release|Any CPU
		{AF257EB7-7298-481C-9346-8EA17E676C00}.Release|Any CPU.Build.0 = Release|Any CPU
		{EEE3EC33-80F1-4D32-800C-21482D66C2B9}.Debug|Any CPU.ActiveCfg = Debug|Any CPU
		{EEE3EC33-80F1-4D32-800C-21482D66C2B9}.Debug|Any CPU.Build.0 = Debug|Any CPU
		{EEE3EC33-80F1-4D32-800C-21482D66C2B9}.Release|Any CPU.ActiveCfg = Release|Any CPU
		{EEE3EC33-80F1-4D32-800C-21482D66C2B9}.Release|Any CPU.Build.0 = Release|Any CPU
		{C3F1146F-574B-4798-ADA1-A4AA881C004E}.Debug|Any CPU.ActiveCfg = Debug|Any CPU
		{C3F1146F-574B-4798-ADA1-A4AA881C004E}.Debug|Any CPU.Build.0 = Debug|Any CPU
		{C3F1146F-574B-4798-ADA1-A4AA881C004E}.Release|Any CPU.ActiveCfg = Release|Any CPU
		{C3F1146F-574B-4798-ADA1-A4AA881C004E}.Release|Any CPU.Build.0 = Release|Any CPU
		{3AA43DB5-BEF5-4559-99A2-03A0027251B7}.Debug|Any CPU.ActiveCfg = Debug|Any CPU
		{3AA43DB5-BEF5-4559-99A2-03A0027251B7}.Debug|Any CPU.Build.0 = Debug|Any CPU
		{3AA43DB5-BEF5-4559-99A2-03A0027251B7}.Release|Any CPU.ActiveCfg = Release|Any CPU
		{3AA43DB5-BEF5-4559-99A2-03A0027251B7}.Release|Any CPU.Build.0 = Release|Any CPU
		{A1564548-AB25-4B89-8196-832ACD7EA794}.Debug|Any CPU.ActiveCfg = Debug|Any CPU
		{A1564548-AB25-4B89-8196-832ACD7EA794}.Debug|Any CPU.Build.0 = Debug|Any CPU
		{A1564548-AB25-4B89-8196-832ACD7EA794}.Release|Any CPU.ActiveCfg = Release|Any CPU
		{A1564548-AB25-4B89-8196-832ACD7EA794}.Release|Any CPU.Build.0 = Release|Any CPU
		{53044242-B23D-4396-BD9D-1239AE120F93}.Debug|Any CPU.ActiveCfg = Debug|Any CPU
		{53044242-B23D-4396-BD9D-1239AE120F93}.Debug|Any CPU.Build.0 = Debug|Any CPU
		{53044242-B23D-4396-BD9D-1239AE120F93}.Release|Any CPU.ActiveCfg = Release|Any CPU
		{53044242-B23D-4396-BD9D-1239AE120F93}.Release|Any CPU.Build.0 = Release|Any CPU
		{4AF03D0E-64EA-48B7-9FA2-F4F6B69D8AB7}.Debug|Any CPU.ActiveCfg = Debug|Any CPU
		{4AF03D0E-64EA-48B7-9FA2-F4F6B69D8AB7}.Debug|Any CPU.Build.0 = Debug|Any CPU
		{4AF03D0E-64EA-48B7-9FA2-F4F6B69D8AB7}.Release|Any CPU.ActiveCfg = Release|Any CPU
		{4AF03D0E-64EA-48B7-9FA2-F4F6B69D8AB7}.Release|Any CPU.Build.0 = Release|Any CPU
		{9BD4FD62-609C-4EC1-93B3-9F29273F9CF8}.Debug|Any CPU.ActiveCfg = Debug|Any CPU
		{9BD4FD62-609C-4EC1-93B3-9F29273F9CF8}.Debug|Any CPU.Build.0 = Debug|Any CPU
		{9BD4FD62-609C-4EC1-93B3-9F29273F9CF8}.Release|Any CPU.ActiveCfg = Release|Any CPU
		{9BD4FD62-609C-4EC1-93B3-9F29273F9CF8}.Release|Any CPU.Build.0 = Release|Any CPU
		{FC733DA9-2E3E-42FA-9644-9F7827147DDE}.Debug|Any CPU.ActiveCfg = Debug|Any CPU
		{FC733DA9-2E3E-42FA-9644-9F7827147DDE}.Debug|Any CPU.Build.0 = Debug|Any CPU
		{FC733DA9-2E3E-42FA-9644-9F7827147DDE}.Release|Any CPU.ActiveCfg = Release|Any CPU
		{FC733DA9-2E3E-42FA-9644-9F7827147DDE}.Release|Any CPU.Build.0 = Release|Any CPU
	EndGlobalSection
	GlobalSection(SolutionProperties) = preSolution
		HideSolutionNode = FALSE
	EndGlobalSection
	GlobalSection(ExtensibilityGlobals) = postSolution
		SolutionGuid = {347857B1-80A0-41BC-93EE-32A179EEC610}
	EndGlobalSection
EndGlobal
