
Microsoft Visual Studio Solution File, Format Version 12.00
# Visual Studio Version 17
VisualStudioVersion = 17.5.33627.172
MinimumVisualStudioVersion = 10.0.40219.1
Project("{FAE04EC0-301F-11D3-BF4B-00C04F79EFBC}") = "ApplyingAttibute", "ApplyingAttibute\ApplyingAttibute.csproj", "{DFD65D8E-E3EC-41F4-842B-12093F9AB7DF}"
EndProject
Global
	GlobalSection(SolutionConfigurationPlatforms) = preSolution
		Debug|Any CPU = Debug|Any CPU
		Release|Any CPU = Release|Any CPU
	EndGlobalSection
	GlobalSection(ProjectConfigurationPlatforms) = postSolution
		{DFD65D8E-E3EC-41F4-842B-12093F9AB7DF}.Debug|Any CPU.ActiveCfg = Debug|Any CPU
		{DFD65D8E-E3EC-41F4-842B-12093F9AB7DF}.Debug|Any CPU.Build.0 = Debug|Any CPU
		{DFD65D8E-E3EC-41F4-842B-12093F9AB7DF}.Release|Any CPU.ActiveCfg = Release|Any CPU
		{DFD65D8E-E3EC-41F4-842B-12093F9AB7DF}.Release|Any CPU.Build.0 = Release|Any CPU
	EndGlobalSection
	GlobalSection(SolutionProperties) = preSolution
		HideSolutionNode = FALSE
	EndGlobalSection
	GlobalSection(ExtensibilityGlobals) = postSolution
		SolutionGuid = {F38D07E0-4345-4612-B7E4-405F627945EC}
	EndGlobalSection
EndGlobal
