
Microsoft Visual Studio Solution File, Format Version 12.00
# Visual Studio Version 17
VisualStudioVersion = 17.5.33627.172
MinimumVisualStudioVersion = 10.0.40219.1
Project("{FAE04EC0-301F-11D3-BF4B-00C04F79EFBC}") = "EnumExample", "EnumExample\EnumExample.csproj", "{4F9E2AED-6FF2-4BC2-B800-CD2AEBF4495A}"
EndProject
Global
	GlobalSection(SolutionConfigurationPlatforms) = preSolution
		Debug|Any CPU = Debug|Any CPU
		Release|Any CPU = Release|Any CPU
	EndGlobalSection
	GlobalSection(ProjectConfigurationPlatforms) = postSolution
		{4F9E2AED-6FF2-4BC2-B800-CD2AEBF4495A}.Debug|Any CPU.ActiveCfg = Debug|Any CPU
		{4F9E2AED-6FF2-4BC2-B800-CD2AEBF4495A}.Debug|Any CPU.Build.0 = Debug|Any CPU
		{4F9E2AED-6FF2-4BC2-B800-CD2AEBF4495A}.Release|Any CPU.ActiveCfg = Release|Any CPU
		{4F9E2AED-6FF2-4BC2-B800-CD2AEBF4495A}.Release|Any CPU.Build.0 = Release|Any CPU
	EndGlobalSection
	GlobalSection(SolutionProperties) = preSolution
		HideSolutionNode = FALSE
	EndGlobalSection
	GlobalSection(ExtensibilityGlobals) = postSolution
		SolutionGuid = {365C5953-C490-4AE0-82B0-CD269EB1EB34}
	EndGlobalSection
EndGlobal
